// !$*UTF8*$!
{
	archiveVersion = 1;
	classes = {
	};
	objectVersion = 46;
	objects = {

/* Begin PBXBuildFile section */
		18562BAE177876CC009D87D6 /* bartens.hpp in Headers */ = {isa = PBXBuildFile; fileRef = 18562BAC177876CC009D87D6 /* bartens.hpp */; };
		18C64BF6141F7A890001F398 /* chiptfuncs.cpp in Sources */ = {isa = PBXBuildFile; fileRef = 1881435B141E28A700E1F771 /* chiptfuncs.cpp */; };
		18C64BF7141F7A890001F398 /* runnings.cpp in Sources */ = {isa = PBXBuildFile; fileRef = 1881435F141E28A700E1F771 /* runnings.cpp */; };
		18D1B00A1726D3A600F0C0CE /* gamma.hpp in Headers */ = {isa = PBXBuildFile; fileRef = 18D1B0091726D3A600F0C0CE /* gamma.hpp */; };
		18D1B0201726E8DC00F0C0CE /* gamma.cpp in Sources */ = {isa = PBXBuildFile; fileRef = 18D1B01E1726E8DC00F0C0CE /* gamma.cpp */; };
		18E0E7DB177B501C00E992E0 /* bartens.cpp in Sources */ = {isa = PBXBuildFile; fileRef = 18562BAB177876CC009D87D6 /* bartens.cpp */; };
/* End PBXBuildFile section */

/* Begin PBXFileReference section */
		18562BAB177876CC009D87D6 /* bartens.cpp */ = {isa = PBXFileReference; fileEncoding = 4; lastKnownFileType = sourcecode.cpp.cpp; path = bartens.cpp; sourceTree = "<group>"; };
		18562BAC177876CC009D87D6 /* bartens.hpp */ = {isa = PBXFileReference; fileEncoding = 4; lastKnownFileType = sourcecode.cpp.h; path = bartens.hpp; sourceTree = "<group>"; };
		1881435B141E28A700E1F771 /* chiptfuncs.cpp */ = {isa = PBXFileReference; fileEncoding = 4; lastKnownFileType = sourcecode.cpp.cpp; path = chiptfuncs.cpp; sourceTree = "<group>"; };
		1881435C141E28A700E1F771 /* chiptfuncs.hpp */ = {isa = PBXFileReference; fileEncoding = 4; lastKnownFileType = sourcecode.cpp.h; path = chiptfuncs.hpp; sourceTree = "<group>"; };
		1881435D141E28A700E1F771 /* Makefile */ = {isa = PBXFileReference; fileEncoding = 4; lastKnownFileType = sourcecode.make; path = Makefile; sourceTree = "<group>"; };
		1881435E141E28A700E1F771 /* pertutils.hpp */ = {isa = PBXFileReference; fileEncoding = 4; lastKnownFileType = sourcecode.cpp.h; path = pertutils.hpp; sourceTree = "<group>"; };
		1881435F141E28A700E1F771 /* runnings.cpp */ = {isa = PBXFileReference; fileEncoding = 4; lastKnownFileType = sourcecode.cpp.cpp; path = runnings.cpp; sourceTree = "<group>"; };
		18814360141E28A700E1F771 /* runnings.hpp */ = {isa = PBXFileReference; fileEncoding = 4; lastKnownFileType = sourcecode.cpp.h; path = runnings.hpp; sourceTree = "<group>"; };
		18C64BF3141F7A7C0001F398 /* libpertutils_debug.dylib */ = {isa = PBXFileReference; explicitFileType = "compiled.mach-o.dylib"; includeInIndex = 0; path = libpertutils_debug.dylib; sourceTree = BUILT_PRODUCTS_DIR; };
		18D1B0091726D3A600F0C0CE /* gamma.hpp */ = {isa = PBXFileReference; fileEncoding = 4; lastKnownFileType = sourcecode.cpp.h; path = gamma.hpp; sourceTree = "<group>"; };
		18D1B01E1726E8DC00F0C0CE /* gamma.cpp */ = {isa = PBXFileReference; fileEncoding = 4; lastKnownFileType = sourcecode.cpp.cpp; path = gamma.cpp; sourceTree = "<group>"; };
/* End PBXFileReference section */

/* Begin PBXFrameworksBuildPhase section */
		18C64BF0141F7A7C0001F398 /* Frameworks */ = {
			isa = PBXFrameworksBuildPhase;
			buildActionMask = 2147483647;
			files = (
			);
			runOnlyForDeploymentPostprocessing = 0;
		};
/* End PBXFrameworksBuildPhase section */

/* Begin PBXGroup section */
		18C7933A141A6EA600680CE1 = {
			isa = PBXGroup;
			children = (
				1881435D141E28A700E1F771 /* Makefile */,
				1881435E141E28A700E1F771 /* pertutils.hpp */,
				18562BAC177876CC009D87D6 /* bartens.hpp */,
				18562BAB177876CC009D87D6 /* bartens.cpp */,
				18D1B0091726D3A600F0C0CE /* gamma.hpp */,
				18D1B01E1726E8DC00F0C0CE /* gamma.cpp */,
				1881435C141E28A700E1F771 /* chiptfuncs.hpp */,
				1881435B141E28A700E1F771 /* chiptfuncs.cpp */,
				18814360141E28A700E1F771 /* runnings.hpp */,
				1881435F141E28A700E1F771 /* runnings.cpp */,
				18C64BF3141F7A7C0001F398 /* libpertutils_debug.dylib */,
			);
			sourceTree = "<group>";
		};
/* End PBXGroup section */

/* Begin PBXHeadersBuildPhase section */
		18C64BF1141F7A7C0001F398 /* Headers */ = {
			isa = PBXHeadersBuildPhase;
			buildActionMask = 2147483647;
			files = (
				18D1B00A1726D3A600F0C0CE /* gamma.hpp in Headers */,
				18562BAE177876CC009D87D6 /* bartens.hpp in Headers */,
			);
			runOnlyForDeploymentPostprocessing = 0;
		};
/* End PBXHeadersBuildPhase section */

/* Begin PBXLegacyTarget section */
		18C79341141A6EA600680CE1 /* pertutils */ = {
			isa = PBXLegacyTarget;
			buildArgumentsString = "$(ACTION)";
			buildConfigurationList = 18C79344141A6EA600680CE1 /* Build configuration list for PBXLegacyTarget "pertutils" */;
			buildPhases = (
			);
			buildToolPath = /usr/bin/make;
			dependencies = (
			);
			name = pertutils;
			passBuildSettingsInEnvironment = 1;
			productName = pertutils;
		};
/* End PBXLegacyTarget section */

/* Begin PBXNativeTarget section */
		18C64BF2141F7A7C0001F398 /* pertutils_debug */ = {
			isa = PBXNativeTarget;
			buildConfigurationList = 18C64BF4141F7A7C0001F398 /* Build configuration list for PBXNativeTarget "pertutils_debug" */;
			buildPhases = (
				18C64BEF141F7A7C0001F398 /* Sources */,
				18C64BF0141F7A7C0001F398 /* Frameworks */,
				18C64BF1141F7A7C0001F398 /* Headers */,
			);
			buildRules = (
			);
			dependencies = (
			);
			name = pertutils_debug;
			productName = libpertutils_debug;
			productReference = 18C64BF3141F7A7C0001F398 /* libpertutils_debug.dylib */;
			productType = "com.apple.product-type.library.dynamic";
		};
/* End PBXNativeTarget section */

/* Begin PBXProject section */
		18C7933C141A6EA600680CE1 /* Project object */ = {
			isa = PBXProject;
			attributes = {
				LastUpgradeCheck = 0460;
				ORGANIZATIONNAME = "Bergische Universität Wuppertal";
			};
			buildConfigurationList = 18C7933F141A6EA600680CE1 /* Build configuration list for PBXProject "pertutils" */;
			compatibilityVersion = "Xcode 3.2";
			developmentRegion = English;
			hasScannedForEncodings = 0;
			knownRegions = (
				en,
			);
			mainGroup = 18C7933A141A6EA600680CE1;
			productRefGroup = 18C7933A141A6EA600680CE1;
			projectDirPath = "";
			projectRoot = "";
			targets = (
				18C79341141A6EA600680CE1 /* pertutils */,
				18C64BF2141F7A7C0001F398 /* pertutils_debug */,
			);
		};
/* End PBXProject section */

/* Begin PBXSourcesBuildPhase section */
		18C64BEF141F7A7C0001F398 /* Sources */ = {
			isa = PBXSourcesBuildPhase;
			buildActionMask = 2147483647;
			files = (
				18D1B0201726E8DC00F0C0CE /* gamma.cpp in Sources */,
				18E0E7DB177B501C00E992E0 /* bartens.cpp in Sources */,
				18C64BF6141F7A890001F398 /* chiptfuncs.cpp in Sources */,
				18C64BF7141F7A890001F398 /* runnings.cpp in Sources */,
			);
			runOnlyForDeploymentPostprocessing = 0;
		};
/* End PBXSourcesBuildPhase section */

/* Begin XCBuildConfiguration section */
		18C64BF5141F7A7C0001F398 /* Release */ = {
			isa = XCBuildConfiguration;
			buildSettings = {
				ALWAYS_SEARCH_USER_PATHS = YES;
				CLANG_WARN_IMPLICIT_SIGN_CONVERSION = NO;
				CLANG_WARN_SUSPICIOUS_IMPLICIT_CONVERSION = YES;
				COMBINE_HIDPI_IMAGES = YES;
				DYLIB_COMPATIBILITY_VERSION = 1.0;
				DYLIB_CURRENT_VERSION = 1.0;
				EXECUTABLE_PREFIX = lib;
				GCC_WARN_SHADOW = YES;
				GCC_WARN_SIGN_COMPARE = YES;
				GCC_WARN_UNKNOWN_PRAGMAS = YES;
				GCC_WARN_UNUSED_PARAMETER = YES;
				HEADER_SEARCH_PATHS = (
					"/Users/thorstenkurth/Documents/Universität/Physik/Arbeitsgruppe\\ Fodor/Code/**",
				);
				INSTALL_PATH = /Users/thorstenkurth/lib;
				LD_DYLIB_INSTALL_NAME = "/Users/thorstenkurth/lib/$(EXECUTABLE_PATH)";
				OTHER_LDFLAGS = (
					"-undefined",
					dynamic_lookup,
				);
				PRODUCT_NAME = "$(TARGET_NAME)";
				VALID_ARCHS = x86_64;
			};
			name = Release;
		};
		18C79343141A6EA600680CE1 /* Release */ = {
			isa = XCBuildConfiguration;
			buildSettings = {
				ALWAYS_SEARCH_USER_PATHS = YES;
				ARCHS = "$(ARCHS_STANDARD_64_BIT)";
				CLANG_WARN_CONSTANT_CONVERSION = YES;
				CLANG_WARN_ENUM_CONVERSION = YES;
				CLANG_WARN_INT_CONVERSION = YES;
				CLANG_WARN__DUPLICATE_METHOD_MATCH = YES;
				COPY_PHASE_STRIP = YES;
				DEBUG_INFORMATION_FORMAT = "dwarf-with-dsym";
				GCC_C_LANGUAGE_STANDARD = gnu99;
				"GCC_C_LANGUAGE_STANDARD[sdk=macosx10.7][arch=x86_64]" = gnu99;
				GCC_ENABLE_OBJC_EXCEPTIONS = YES;
				GCC_VERSION = com.apple.compilers.llvm.clang.1_0;
				GCC_WARN_64_TO_32_BIT_CONVERSION = YES;
				GCC_WARN_ABOUT_MISSING_PROTOTYPES = YES;
				GCC_WARN_ABOUT_RETURN_TYPE = YES;
				GCC_WARN_UNINITIALIZED_AUTOS = YES;
				GCC_WARN_UNUSED_VARIABLE = YES;
				MACOSX_DEPLOYMENT_TARGET = 10.8;
				SDKROOT = macosx;
			};
			name = Release;
		};
		18C79346141A6EA600680CE1 /* Release */ = {
			isa = XCBuildConfiguration;
			buildSettings = {
				COMBINE_HIDPI_IMAGES = YES;
				OTHER_CFLAGS = "";
				OTHER_LDFLAGS = "";
				PRODUCT_NAME = "$(TARGET_NAME)";
			};
			name = Release;
		};
/* End XCBuildConfiguration section */

/* Begin XCConfigurationList section */
		18C64BF4141F7A7C0001F398 /* Build configuration list for PBXNativeTarget "pertutils_debug" */ = {
			isa = XCConfigurationList;
			buildConfigurations = (
				18C64BF5141F7A7C0001F398 /* Release */,
			);
			defaultConfigurationIsVisible = 0;
			defaultConfigurationName = Release;
		};
		18C7933F141A6EA600680CE1 /* Build configuration list for PBXProject "pertutils" */ = {
			isa = XCConfigurationList;
			buildConfigurations = (
				18C79343141A6EA600680CE1 /* Release */,
			);
			defaultConfigurationIsVisible = 0;
			defaultConfigurationName = Release;
		};
		18C79344141A6EA600680CE1 /* Build configuration list for PBXLegacyTarget "pertutils" */ = {
			isa = XCConfigurationList;
			buildConfigurations = (
				18C79346141A6EA600680CE1 /* Release */,
			);
			defaultConfigurationIsVisible = 0;
			defaultConfigurationName = Release;
		};
/* End XCConfigurationList section */
	};
	rootObject = 18C7933C141A6EA600680CE1 /* Project object */;
}
